
Microsoft Visual Studio Solution File, Format Version 12.00
# Visual Studio Version 17
VisualStudioVersion = 17.14.36811.4 d17.14
MinimumVisualStudioVersion = 10.0.40219.1
Project("{FAE04EC0-301F-11D3-BF4B-00C04F79EFBC}") = "IceCreamOrderingSystem", "IceCreamOrderingSystem.csproj", "{11B8BCC2-859B-FE2D-785E-C04E79E34E07}"
EndProject
Global
	GlobalSection(SolutionConfigurationPlatforms) = preSolution
		Debug|Any CPU = Debug|Any CPU
		Release|Any CPU = Release|Any CPU
	EndGlobalSection
	GlobalSection(ProjectConfigurationPlatforms) = postSolution
		{11B8BCC2-859B-FE2D-785E-C04E79E34E07}.Debug|Any CPU.ActiveCfg = Debug|Any CPU
		{11B8BCC2-859B-FE2D-785E-C04E79E34E07}.Debug|Any CPU.Build.0 = Debug|Any CPU
		{11B8BCC2-859B-FE2D-785E-C04E79E34E07}.Release|Any CPU.ActiveCfg = Release|Any CPU
		{11B8BCC2-859B-FE2D-785E-C04E79E34E07}.Release|Any CPU.Build.0 = Release|Any CPU
	EndGlobalSection
	GlobalSection(SolutionProperties) = preSolution
		HideSolutionNode = FALSE
	EndGlobalSection
	GlobalSection(ExtensibilityGlobals) = postSolution
		SolutionGuid = {8E72BB9F-678E-4F40-9748-964CED5091E1}
	EndGlobalSection
EndGlobal
